# This file is autogenerated, do not edit; changes may be undone by the next 'dep ensure'.


[[projects]]
  digest = "1:cbec35fe4d5a4fba369a656a8cd65e244ea2c743007d8f6c1ccb132acf9d1296"
  name = "github.com/gorilla/mux"
  packages = ["."]
  pruneopts = "UT"
  revision = "00bdffe0f3c77e27d2cf6f5c70232a2d3e4d9c15"
  version = "v1.7.3"

[[projects]]
  digest = "1:48702a7b31ffeb1ccce5db38ba75998906a74479ec0c7f50546a58105ba44972"
  name = "github.com/thedevsaddam/gojsonq"
  packages = ["."]
  pruneopts = "UT"
  revision = "69113724147bdb0973fc7b64d71de08e6cd476cb"
  version = "v2.2.2"

[solve-meta]
  analyzer-name = "dep"
  analyzer-version = 1
  input-imports = [
    "github.com/gorilla/mux",
    "github.com/thedevsaddam/gojsonq",
  ]
  solver-name = "gps-cdcl"
  solver-version = 1
